// !$*UTF8*$!
{
	archiveVersion = 1;
	classes = {
	};
	objectVersion = 77;
	objects = {

/* Begin PBXContainerItemProxy section */
		3DFF484D2D5B9E8D00DBB105 /* PBXContainerItemProxy */ = {
			isa = PBXContainerItemProxy;
			containerPortal = 3DFF48342D5B9E8C00DBB105 /* Project object */;
			proxyType = 1;
			remoteGlobalIDString = 3DFF483B2D5B9E8C00DBB105;
			remoteInfo = GreenLogInView;
		};
		3DFF48572D5B9E8D00DBB105 /* PBXContainerItemProxy */ = {
			isa = PBXContainerItemProxy;
			containerPortal = 3DFF48342D5B9E8C00DBB105 /* Project object */;
			proxyType = 1;
			remoteGlobalIDString = 3DFF483B2D5B9E8C00DBB105;
			remoteInfo = GreenLogInView;
		};
/* End PBXContainerItemProxy section */

/* Begin PBXFileReference section */
		3DFF483C2D5B9E8C00DBB105 /* GreenLogInView.app */ = {isa = PBXFileReference; explicitFileType = wrapper.application; includeInIndex = 0; path = GreenLogInView.app; sourceTree = BUILT_PRODUCTS_DIR; };
		3DFF484C2D5B9E8D00DBB105 /* GreenLogInViewTests.xctest */ = {isa = PBXFileReference; explicitFileType = wrapper.cfbundle; includeInIndex = 0; path = GreenLogInViewTests.xctest; sourceTree = BUILT_PRODUCTS_DIR; };
		3DFF48562D5B9E8D00DBB105 /* GreenLogInViewUITests.xctest */ = {isa = PBXFileReference; explicitFileType = wrapper.cfbundle; includeInIndex = 0; path = GreenLogInViewUITests.xctest; sourceTree = BUILT_PRODUCTS_DIR; };
/* End PBXFileReference section */

/* Begin PBXFileSystemSynchronizedRootGroup section */
		3DFF483E2D5B9E8C00DBB105 /* GreenLogInView */ = {
			isa = PBXFileSystemSynchronizedRootGroup;
			path = GreenLogInView;
			sourceTree = "<group>";
		};
		3DFF484F2D5B9E8D00DBB105 /* GreenLogInViewTests */ = {
			isa = PBXFileSystemSynchronizedRootGroup;
			path = GreenLogInViewTests;
			sourceTree = "<group>";
		};
		3DFF48592D5B9E8D00DBB105 /* GreenLogInViewUITests */ = {
			isa = PBXFileSystemSynchronizedRootGroup;
			path = GreenLogInViewUITests;
			sourceTree = "<group>";
		};
/* End PBXFileSystemSynchronizedRootGroup section */

/* Begin PBXFrameworksBuildPhase section */
		3DFF48392D5B9E8C00DBB105 /* Frameworks */ = {
			isa = PBXFrameworksBuildPhase;
			buildActionMask = 2147483647;
			files = (
			);
			runOnlyForDeploymentPostprocessing = 0;
		};
		3DFF48492D5B9E8D00DBB105 /* Frameworks */ = {
			isa = PBXFrameworksBuildPhase;
			buildActionMask = 2147483647;
			files = (
			);
			runOnlyForDeploymentPostprocessing = 0;
		};
		3DFF48532D5B9E8D00DBB105 /* Frameworks */ = {
			isa = PBXFrameworksBuildPhase;
			buildActionMask = 2147483647;
			files = (
			);
			runOnlyForDeploymentPostprocessing = 0;
		};
/* End PBXFrameworksBuildPhase section */

/* Begin PBXGroup section */
		3DFF48332D5B9E8C00DBB105 = {
			isa = PBXGroup;
			children = (
				3DFF483E2D5B9E8C00DBB105 /* GreenLogInView */,
				3DFF484F2D5B9E8D00DBB105 /* GreenLogInViewTests */,
				3DFF48592D5B9E8D00DBB105 /* GreenLogInViewUITests */,
				3DFF483D2D5B9E8C00DBB105 /* Products */,
			);
			sourceTree = "<group>";
		};
		3DFF483D2D5B9E8C00DBB105 /* Products */ = {
			isa = PBXGroup;
			children = (
				3DFF483C2D5B9E8C00DBB105 /* GreenLogInView.app */,
				3DFF484C2D5B9E8D00DBB105 /* GreenLogInViewTests.xctest */,
				3DFF48562D5B9E8D00DBB105 /* GreenLogInViewUITests.xctest */,
			);
			name = Products;
			sourceTree = "<group>";
		};
/* End PBXGroup section */

/* Begin PBXNativeTarget section */
		3DFF483B2D5B9E8C00DBB105 /* GreenLogInView */ = {
			isa = PBXNativeTarget;
			buildConfigurationList = 3DFF48602D5B9E8D00DBB105 /* Build configuration list for PBXNativeTarget "GreenLogInView" */;
			buildPhases = (
				3DFF48382D5B9E8C00DBB105 /* Sources */,
				3DFF48392D5B9E8C00DBB105 /* Frameworks */,
				3DFF483A2D5B9E8C00DBB105 /* Resources */,
			);
			buildRules = (
			);
			dependencies = (
			);
			fileSystemSynchronizedGroups = (
				3DFF483E2D5B9E8C00DBB105 /* GreenLogInView */,
			);
			name = GreenLogInView;
			packageProductDependencies = (
			);
			productName = GreenLogInView;
			productReference = 3DFF483C2D5B9E8C00DBB105 /* GreenLogInView.app */;
			productType = "com.apple.product-type.application";
		};
		3DFF484B2D5B9E8D00DBB105 /* GreenLogInViewTests */ = {
			isa = PBXNativeTarget;
			buildConfigurationList = 3DFF48632D5B9E8D00DBB105 /* Build configuration list for PBXNativeTarget "GreenLogInViewTests" */;
			buildPhases = (
				3DFF48482D5B9E8D00DBB105 /* Sources */,
				3DFF48492D5B9E8D00DBB105 /* Frameworks */,
				3DFF484A2D5B9E8D00DBB105 /* Resources */,
			);
			buildRules = (
			);
			dependencies = (
				3DFF484E2D5B9E8D00DBB105 /* PBXTargetDependency */,
			);
			fileSystemSynchronizedGroups = (
				3DFF484F2D5B9E8D00DBB105 /* GreenLogInViewTests */,
			);
			name = GreenLogInViewTests;
			packageProductDependencies = (
			);
			productName = GreenLogInViewTests;
			productReference = 3DFF484C2D5B9E8D00DBB105 /* GreenLogInViewTests.xctest */;
			productType = "com.apple.product-type.bundle.unit-test";
		};
		3DFF48552D5B9E8D00DBB105 /* GreenLogInViewUITests */ = {
			isa = PBXNativeTarget;
			buildConfigurationList = 3DFF48662D5B9E8D00DBB105 /* Build configuration list for PBXNativeTarget "GreenLogInViewUITests" */;
			buildPhases = (
				3DFF48522D5B9E8D00DBB105 /* Sources */,
				3DFF48532D5B9E8D00DBB105 /* Frameworks */,
				3DFF48542D5B9E8D00DBB105 /* Resources */,
			);
			buildRules = (
			);
			dependencies = (
				3DFF48582D5B9E8D00DBB105 /* PBXTargetDependency */,
			);
			fileSystemSynchronizedGroups = (
				3DFF48592D5B9E8D00DBB105 /* GreenLogInViewUITests */,
			);
			name = GreenLogInViewUITests;
			packageProductDependencies = (
			);
			productName = GreenLogInViewUITests;
			productReference = 3DFF48562D5B9E8D00DBB105 /* GreenLogInViewUITests.xctest */;
			productType = "com.apple.product-type.bundle.ui-testing";
		};
/* End PBXNativeTarget section */

/* Begin PBXProject section */
		3DFF48342D5B9E8C00DBB105 /* Project object */ = {
			isa = PBXProject;
			attributes = {
				BuildIndependentTargetsInParallel = 1;
				LastSwiftUpdateCheck = 1620;
				LastUpgradeCheck = 1620;
				TargetAttributes = {
					3DFF483B2D5B9E8C00DBB105 = {
						CreatedOnToolsVersion = 16.2;
					};
					3DFF484B2D5B9E8D00DBB105 = {
						CreatedOnToolsVersion = 16.2;
						TestTargetID = 3DFF483B2D5B9E8C00DBB105;
					};
					3DFF48552D5B9E8D00DBB105 = {
						CreatedOnToolsVersion = 16.2;
						TestTargetID = 3DFF483B2D5B9E8C00DBB105;
					};
				};
			};
			buildConfigurationList = 3DFF48372D5B9E8C00DBB105 /* Build configuration list for PBXProject "GreenLogInView" */;
			developmentRegion = en;
			hasScannedForEncodings = 0;
			knownRegions = (
				en,
				Base,
			);
			mainGroup = 3DFF48332D5B9E8C00DBB105;
			minimizedProjectReferenceProxies = 1;
			preferredProjectObjectVersion = 77;
			productRefGroup = 3DFF483D2D5B9E8C00DBB105 /* Products */;
			projectDirPath = "";
			projectRoot = "";
			targets = (
				3DFF483B2D5B9E8C00DBB105 /* GreenLogInView */,
				3DFF484B2D5B9E8D00DBB105 /* GreenLogInViewTests */,
				3DFF48552D5B9E8D00DBB105 /* GreenLogInViewUITests */,
			);
		};
/* End PBXProject section */

/* Begin PBXResourcesBuildPhase section */
		3DFF483A2D5B9E8C00DBB105 /* Resources */ = {
			isa = PBXResourcesBuildPhase;
			buildActionMask = 2147483647;
			files = (
			);
			runOnlyForDeploymentPostprocessing = 0;
		};
		3DFF484A2D5B9E8D00DBB105 /* Resources */ = {
			isa = PBXResourcesBuildPhase;
			buildActionMask = 2147483647;
			files = (
			);
			runOnlyForDeploymentPostprocessing = 0;
		};
		3DFF48542D5B9E8D00DBB105 /* Resources */ = {
			isa = PBXResourcesBuildPhase;
			buildActionMask = 2147483647;
			files = (
			);
			runOnlyForDeploymentPostprocessing = 0;
		};
/* End PBXResourcesBuildPhase section */

/* Begin PBXSourcesBuildPhase section */
		3DFF48382D5B9E8C00DBB105 /* Sources */ = {
			isa = PBXSourcesBuildPhase;
			buildActionMask = 2147483647;
			files = (
			);
			runOnlyForDeploymentPostprocessing = 0;
		};
		3DFF48482D5B9E8D00DBB105 /* Sources */ = {
			isa = PBXSourcesBuildPhase;
			buildActionMask = 2147483647;
			files = (
			);
			runOnlyForDeploymentPostprocessing = 0;
		};
		3DFF48522D5B9E8D00DBB105 /* Sources */ = {
			isa = PBXSourcesBuildPhase;
			buildActionMask = 2147483647;
			files = (
			);
			runOnlyForDeploymentPostprocessing = 0;
		};
/* End PBXSourcesBuildPhase section */

/* Begin PBXTargetDependency section */
		3DFF484E2D5B9E8D00DBB105 /* PBXTargetDependency */ = {
			isa = PBXTargetDependency;
			target = 3DFF483B2D5B9E8C00DBB105 /* GreenLogInView */;
			targetProxy = 3DFF484D2D5B9E8D00DBB105 /* PBXContainerItemProxy */;
		};
		3DFF48582D5B9E8D00DBB105 /* PBXTargetDependency */ = {
			isa = PBXTargetDependency;
			target = 3DFF483B2D5B9E8C00DBB105 /* GreenLogInView */;
			targetProxy = 3DFF48572D5B9E8D00DBB105 /* PBXContainerItemProxy */;
		};
/* End PBXTargetDependency section */

/* Begin XCBuildConfiguration section */
		3DFF485E2D5B9E8D00DBB105 /* Debug */ = {
			isa = XCBuildConfiguration;
			buildSettings = {
				ALWAYS_SEARCH_USER_PATHS = NO;
				ASSETCATALOG_COMPILER_GENERATE_SWIFT_ASSET_SYMBOL_EXTENSIONS = YES;
				CLANG_ANALYZER_NONNULL = YES;
				CLANG_ANALYZER_NUMBER_OBJECT_CONVERSION = YES_AGGRESSIVE;
				CLANG_CXX_LANGUAGE_STANDARD = "gnu++20";
				CLANG_ENABLE_MODULES = YES;
				CLANG_ENABLE_OBJC_ARC = YES;
				CLANG_ENABLE_OBJC_WEAK = YES;
				CLANG_WARN_BLOCK_CAPTURE_AUTORELEASING = YES;
				CLANG_WARN_BOOL_CONVERSION = YES;
				CLANG_WARN_COMMA = YES;
				CLANG_WARN_CONSTANT_CONVERSION = YES;
				CLANG_WARN_DEPRECATED_OBJC_IMPLEMENTATIONS = YES;
				CLANG_WARN_DIRECT_OBJC_ISA_USAGE = YES_ERROR;
				CLANG_WARN_DOCUMENTATION_COMMENTS = YES;
				CLANG_WARN_EMPTY_BODY = YES;
				CLANG_WARN_ENUM_CONVERSION = YES;
				CLANG_WARN_INFINITE_RECURSION = YES;
				CLANG_WARN_INT_CONVERSION = YES;
				CLANG_WARN_NON_LITERAL_NULL_CONVERSION = YES;
				CLANG_WARN_OBJC_IMPLICIT_RETAIN_SELF = YES;
				CLANG_WARN_OBJC_LITERAL_CONVERSION = YES;
				CLANG_WARN_OBJC_ROOT_CLASS = YES_ERROR;
				CLANG_WARN_QUOTED_INCLUDE_IN_FRAMEWORK_HEADER = YES;
				CLANG_WARN_RANGE_LOOP_ANALYSIS = YES;
				CLANG_WARN_STRICT_PROTOTYPES = YES;
				CLANG_WARN_SUSPICIOUS_MOVE = YES;
				CLANG_WARN_UNGUARDED_AVAILABILITY = YES_AGGRESSIVE;
				CLANG_WARN_UNREACHABLE_CODE = YES;
				CLANG_WARN__DUPLICATE_METHOD_MATCH = YES;
				COPY_PHASE_STRIP = NO;
				DEBUG_INFORMATION_FORMAT = dwarf;
				ENABLE_STRICT_OBJC_MSGSEND = YES;
				ENABLE_TESTABILITY = YES;
				ENABLE_USER_SCRIPT_SANDBOXING = YES;
				GCC_C_LANGUAGE_STANDARD = gnu17;
				GCC_DYNAMIC_NO_PIC = NO;
				GCC_NO_COMMON_BLOCKS = YES;
				GCC_OPTIMIZATION_LEVEL = 0;
				GCC_PREPROCESSOR_DEFINITIONS = (
					"DEBUG=1",
					"$(inherited)",
				);
				GCC_WARN_64_TO_32_BIT_CONVERSION = YES;
				GCC_WARN_ABOUT_RETURN_TYPE = YES_ERROR;
				GCC_WARN_UNDECLARED_SELECTOR = YES;
				GCC_WARN_UNINITIALIZED_AUTOS = YES_AGGRESSIVE;
				GCC_WARN_UNUSED_FUNCTION = YES;
				GCC_WARN_UNUSED_VARIABLE = YES;
				IPHONEOS_DEPLOYMENT_TARGET = 18.2;
				LOCALIZATION_PREFERS_STRING_CATALOGS = YES;
				MTL_ENABLE_DEBUG_INFO = INCLUDE_SOURCE;
				MTL_FAST_MATH = YES;
				ONLY_ACTIVE_ARCH = YES;
				SDKROOT = iphoneos;
				SWIFT_ACTIVE_COMPILATION_CONDITIONS = "DEBUG $(inherited)";
				SWIFT_OPTIMIZATION_LEVEL = "-Onone";
			};
			name = Debug;
		};
		3DFF485F2D5B9E8D00DBB105 /* Release */ = {
			isa = XCBuildConfiguration;
			buildSettings = {
				ALWAYS_SEARCH_USER_PATHS = NO;
				ASSETCATALOG_COMPILER_GENERATE_SWIFT_ASSET_SYMBOL_EXTENSIONS = YES;
				CLANG_ANALYZER_NONNULL = YES;
				CLANG_ANALYZER_NUMBER_OBJECT_CONVERSION = YES_AGGRESSIVE;
				CLANG_CXX_LANGUAGE_STANDARD = "gnu++20";
				CLANG_ENABLE_MODULES = YES;
				CLANG_ENABLE_OBJC_ARC = YES;
				CLANG_ENABLE_OBJC_WEAK = YES;
				CLANG_WARN_BLOCK_CAPTURE_AUTORELEASING = YES;
				CLANG_WARN_BOOL_CONVERSION = YES;
				CLANG_WARN_COMMA = YES;
				CLANG_WARN_CONSTANT_CONVERSION = YES;
				CLANG_WARN_DEPRECATED_OBJC_IMPLEMENTATIONS = YES;
				CLANG_WARN_DIRECT_OBJC_ISA_USAGE = YES_ERROR;
				CLANG_WARN_DOCUMENTATION_COMMENTS = YES;
				CLANG_WARN_EMPTY_BODY = YES;
				CLANG_WARN_ENUM_CONVERSION = YES;
				CLANG_WARN_INFINITE_RECURSION = YES;
				CLANG_WARN_INT_CONVERSION = YES;
				CLANG_WARN_NON_LITERAL_NULL_CONVERSION = YES;
				CLANG_WARN_OBJC_IMPLICIT_RETAIN_SELF = YES;
				CLANG_WARN_OBJC_LITERAL_CONVERSION = YES;
				CLANG_WARN_OBJC_ROOT_CLASS = YES_ERROR;
				CLANG_WARN_QUOTED_INCLUDE_IN_FRAMEWORK_HEADER = YES;
				CLANG_WARN_RANGE_LOOP_ANALYSIS = YES;
				CLANG_WARN_STRICT_PROTOTYPES = YES;
				CLANG_WARN_SUSPICIOUS_MOVE = YES;
				CLANG_WARN_UNGUARDED_AVAILABILITY = YES_AGGRESSIVE;
				CLANG_WARN_UNREACHABLE_CODE = YES;
				CLANG_WARN__DUPLICATE_METHOD_MATCH = YES;
				COPY_PHASE_STRIP = NO;
				DEBUG_INFORMATION_FORMAT = "dwarf-with-dsym";
				ENABLE_NS_ASSERTIONS = NO;
				ENABLE_STRICT_OBJC_MSGSEND = YES;
				ENABLE_USER_SCRIPT_SANDBOXING = YES;
				GCC_C_LANGUAGE_STANDARD = gnu17;
				GCC_NO_COMMON_BLOCKS = YES;
				GCC_WARN_64_TO_32_BIT_CONVERSION = YES;
				GCC_WARN_ABOUT_RETURN_TYPE = YES_ERROR;
				GCC_WARN_UNDECLARED_SELECTOR = YES;
				GCC_WARN_UNINITIALIZED_AUTOS = YES_AGGRESSIVE;
				GCC_WARN_UNUSED_FUNCTION = YES;
				GCC_WARN_UNUSED_VARIABLE = YES;
				IPHONEOS_DEPLOYMENT_TARGET = 18.2;
				LOCALIZATION_PREFERS_STRING_CATALOGS = YES;
				MTL_ENABLE_DEBUG_INFO = NO;
				MTL_FAST_MATH = YES;
				SDKROOT = iphoneos;
				SWIFT_COMPILATION_MODE = wholemodule;
				VALIDATE_PRODUCT = YES;
			};
			name = Release;
		};
		3DFF48612D5B9E8D00DBB105 /* Debug */ = {
			isa = XCBuildConfiguration;
			buildSettings = {
				ASSETCATALOG_COMPILER_APPICON_NAME = AppIcon;
				ASSETCATALOG_COMPILER_GLOBAL_ACCENT_COLOR_NAME = AccentColor;
				CODE_SIGN_STYLE = Automatic;
				CURRENT_PROJECT_VERSION = 1;
				DEVELOPMENT_ASSET_PATHS = "\"GreenLogInView/Preview Content\"";
				ENABLE_PREVIEWS = YES;
				GENERATE_INFOPLIST_FILE = YES;
				INFOPLIST_KEY_UIApplicationSceneManifest_Generation = YES;
				INFOPLIST_KEY_UIApplicationSupportsIndirectInputEvents = YES;
				INFOPLIST_KEY_UILaunchScreen_Generation = YES;
				INFOPLIST_KEY_UISupportedInterfaceOrientations_iPad = "UIInterfaceOrientationPortrait UIInterfaceOrientationPortraitUpsideDown UIInterfaceOrientationLandscapeLeft UIInterfaceOrientationLandscapeRight";
				INFOPLIST_KEY_UISupportedInterfaceOrientations_iPhone = "UIInterfaceOrientationPortrait UIInterfaceOrientationLandscapeLeft UIInterfaceOrientationLandscapeRight";
				LD_RUNPATH_SEARCH_PATHS = (
					"$(inherited)",
					"@executable_path/Frameworks",
				);
				MARKETING_VERSION = 1.0;
				PRODUCT_BUNDLE_IDENTIFIER = com.GreenLogInView;
				PRODUCT_NAME = "$(TARGET_NAME)";
				SWIFT_EMIT_LOC_STRINGS = YES;
				SWIFT_VERSION = 5.0;
				TARGETED_DEVICE_FAMILY = "1,2";
			};
			name = Debug;
		};
		3DFF48622D5B9E8D00DBB105 /* Release */ = {
			isa = XCBuildConfiguration;
			buildSettings = {
				ASSETCATALOG_COMPILER_APPICON_NAME = AppIcon;
				ASSETCATALOG_COMPILER_GLOBAL_ACCENT_COLOR_NAME = AccentColor;
				CODE_SIGN_STYLE = Automatic;
				CURRENT_PROJECT_VERSION = 1;
				DEVELOPMENT_ASSET_PATHS = "\"GreenLogInView/Preview Content\"";
				ENABLE_PREVIEWS = YES;
				GENERATE_INFOPLIST_FILE = YES;
				INFOPLIST_KEY_UIApplicationSceneManifest_Generation = YES;
				INFOPLIST_KEY_UIApplicationSupportsIndirectInputEvents = YES;
				INFOPLIST_KEY_UILaunchScreen_Generation = YES;
				INFOPLIST_KEY_UISupportedInterfaceOrientations_iPad = "UIInterfaceOrientationPortrait UIInterfaceOrientationPortraitUpsideDown UIInterfaceOrientationLandscapeLeft UIInterfaceOrientationLandscapeRight";
				INFOPLIST_KEY_UISupportedInterfaceOrientations_iPhone = "UIInterfaceOrientationPortrait UIInterfaceOrientationLandscapeLeft UIInterfaceOrientationLandscapeRight";
				LD_RUNPATH_SEARCH_PATHS = (
					"$(inherited)",
					"@executable_path/Frameworks",
				);
				MARKETING_VERSION = 1.0;
				PRODUCT_BUNDLE_IDENTIFIER = com.GreenLogInView;
				PRODUCT_NAME = "$(TARGET_NAME)";
				SWIFT_EMIT_LOC_STRINGS = YES;
				SWIFT_VERSION = 5.0;
				TARGETED_DEVICE_FAMILY = "1,2";
			};
			name = Release;
		};
		3DFF48642D5B9E8D00DBB105 /* Debug */ = {
			isa = XCBuildConfiguration;
			buildSettings = {
				BUNDLE_LOADER = "$(TEST_HOST)";
				CODE_SIGN_STYLE = Automatic;
				CURRENT_PROJECT_VERSION = 1;
				GENERATE_INFOPLIST_FILE = YES;
				IPHONEOS_DEPLOYMENT_TARGET = 18.2;
				MARKETING_VERSION = 1.0;
				PRODUCT_BUNDLE_IDENTIFIER = com.GreenLogInViewTests;
				PRODUCT_NAME = "$(TARGET_NAME)";
				SWIFT_EMIT_LOC_STRINGS = NO;
				SWIFT_VERSION = 5.0;
				TARGETED_DEVICE_FAMILY = "1,2";
				TEST_HOST = "$(BUILT_PRODUCTS_DIR)/GreenLogInView.app/$(BUNDLE_EXECUTABLE_FOLDER_PATH)/GreenLogInView";
			};
			name = Debug;
		};
		3DFF48652D5B9E8D00DBB105 /* Release */ = {
			isa = XCBuildConfiguration;
			buildSettings = {
				BUNDLE_LOADER = "$(TEST_HOST)";
				CODE_SIGN_STYLE = Automatic;
				CURRENT_PROJECT_VERSION = 1;
				GENERATE_INFOPLIST_FILE = YES;
				IPHONEOS_DEPLOYMENT_TARGET = 18.2;
				MARKETING_VERSION = 1.0;
				PRODUCT_BUNDLE_IDENTIFIER = com.GreenLogInViewTests;
				PRODUCT_NAME = "$(TARGET_NAME)";
				SWIFT_EMIT_LOC_STRINGS = NO;
				SWIFT_VERSION = 5.0;
				TARGETED_DEVICE_FAMILY = "1,2";
				TEST_HOST = "$(BUILT_PRODUCTS_DIR)/GreenLogInView.app/$(BUNDLE_EXECUTABLE_FOLDER_PATH)/GreenLogInView";
			};
			name = Release;
		};
		3DFF48672D5B9E8D00DBB105 /* Debug */ = {
			isa = XCBuildConfiguration;
			buildSettings = {
				CODE_SIGN_STYLE = Automatic;
				CURRENT_PROJECT_VERSION = 1;
				GENERATE_INFOPLIST_FILE = YES;
				MARKETING_VERSION = 1.0;
				PRODUCT_BUNDLE_IDENTIFIER = com.GreenLogInViewUITests;
				PRODUCT_NAME = "$(TARGET_NAME)";
				SWIFT_EMIT_LOC_STRINGS = NO;
				SWIFT_VERSION = 5.0;
				TARGETED_DEVICE_FAMILY = "1,2";
				TEST_TARGET_NAME = GreenLogInView;
			};
			name = Debug;
		};
		3DFF48682D5B9E8D00DBB105 /* Release */ = {
			isa = XCBuildConfiguration;
			buildSettings = {
				CODE_SIGN_STYLE = Automatic;
				CURRENT_PROJECT_VERSION = 1;
				GENERATE_INFOPLIST_FILE = YES;
				MARKETING_VERSION = 1.0;
				PRODUCT_BUNDLE_IDENTIFIER = com.GreenLogInViewUITests;
				PRODUCT_NAME = "$(TARGET_NAME)";
				SWIFT_EMIT_LOC_STRINGS = NO;
				SWIFT_VERSION = 5.0;
				TARGETED_DEVICE_FAMILY = "1,2";
				TEST_TARGET_NAME = GreenLogInView;
			};
			name = Release;
		};
/* End XCBuildConfiguration section */

/* Begin XCConfigurationList section */
		3DFF48372D5B9E8C00DBB105 /* Build configuration list for PBXProject "GreenLogInView" */ = {
			isa = XCConfigurationList;
			buildConfigurations = (
				3DFF485E2D5B9E8D00DBB105 /* Debug */,
				3DFF485F2D5B9E8D00DBB105 /* Release */,
			);
			defaultConfigurationIsVisible = 0;
			defaultConfigurationName = Release;
		};
		3DFF48602D5B9E8D00DBB105 /* Build configuration list for PBXNativeTarget "GreenLogInView" */ = {
			isa = XCConfigurationList;
			buildConfigurations = (
				3DFF48612D5B9E8D00DBB105 /* Debug */,
				3DFF48622D5B9E8D00DBB105 /* Release */,
			);
			defaultConfigurationIsVisible = 0;
			defaultConfigurationName = Release;
		};
		3DFF48632D5B9E8D00DBB105 /* Build configuration list for PBXNativeTarget "GreenLogInViewTests" */ = {
			isa = XCConfigurationList;
			buildConfigurations = (
				3DFF48642D5B9E8D00DBB105 /* Debug */,
				3DFF48652D5B9E8D00DBB105 /* Release */,
			);
			defaultConfigurationIsVisible = 0;
			defaultConfigurationName = Release;
		};
		3DFF48662D5B9E8D00DBB105 /* Build configuration list for PBXNativeTarget "GreenLogInViewUITests" */ = {
			isa = XCConfigurationList;
			buildConfigurations = (
				3DFF48672D5B9E8D00DBB105 /* Debug */,
				3DFF48682D5B9E8D00DBB105 /* Release */,
			);
			defaultConfigurationIsVisible = 0;
			defaultConfigurationName = Release;
		};
/* End XCConfigurationList section */
	};
	rootObject = 3DFF48342D5B9E8C00DBB105 /* Project object */;
}
